# This file is automatically @generated by Cargo.
# It is not intended for manual editing.
version = 4

[[package]]
name = "jerrycan"
version = "0.0.0"

[[package]]
name = "jerrycan-auth"
version = "0.0.0"

[[package]]
name = "jerrycan-core"
version = "0.0.0"

[[package]]
name = "jerrycan-db"
version = "0.0.0"

[[package]]
name = "jerrycan-macros"
version = "0.0.0"

[[package]]
name = "jerrycan-observe"
version = "0.0.0"

[[package]]
name = "jerrycan-validate"
version = "0.0.0"
